
Microsoft Visual Studio Solution File, Format Version 12.00
# Visual Studio Version 17
VisualStudioVersion = 17.1.32203.90
MinimumVisualStudioVersion = 10.0.40219.1
Project("{FAE04EC0-301F-11D3-BF4B-00C04F79EFBC}") = "Better-207", "Better-207.csproj", "{F293D160-D002-4D01-917E-5199EE9DAD2F}"
EndProject
Global
	GlobalSection(SolutionConfigurationPlatforms) = preSolution
		Debug|Any CPU = Debug|Any CPU
		Release|Any CPU = Release|Any CPU
	EndGlobalSection
	GlobalSection(ProjectConfigurationPlatforms) = postSolution
		{F293D160-D002-4D01-917E-5199EE9DAD2F}.Debug|Any CPU.ActiveCfg = Debug|Any CPU
		{F293D160-D002-4D01-917E-5199EE9DAD2F}.Debug|Any CPU.Build.0 = Debug|Any CPU
		{F293D160-D002-4D01-917E-5199EE9DAD2F}.Release|Any CPU.ActiveCfg = Release|Any CPU
		{F293D160-D002-4D01-917E-5199EE9DAD2F}.Release|Any CPU.Build.0 = Release|Any CPU
	EndGlobalSection
	GlobalSection(SolutionProperties) = preSolution
		HideSolutionNode = FALSE
	EndGlobalSection
	GlobalSection(ExtensibilityGlobals) = postSolution
		SolutionGuid = {817F5A0C-AB40-4888-8903-6B87EAB0CE67}
	EndGlobalSection
EndGlobal
